
Microsoft Visual Studio Solution File, Format Version 12.00
# Visual Studio 15
VisualStudioVersion = 15.0.28307.329
MinimumVisualStudioVersion = 10.0.40219.1
Project("{FAE04EC0-301F-11D3-BF4B-00C04F79EFBC}") = "stack and queues", "stack and queues.csproj", "{DD517575-F71E-41D6-8A23-DC203A03A3A1}"
EndProject
Project("{FAE04EC0-301F-11D3-BF4B-00C04F79EFBC}") = "ConsoleApp1", "..\ConsoleApp1\ConsoleApp1.csproj", "{3870CE7A-D5CB-4AB8-B4AE-CE5B2823B563}"
EndProject
Global
	GlobalSection(SolutionConfigurationPlatforms) = preSolution
		Debug|Any CPU = Debug|Any CPU
		Release|Any CPU = Release|Any CPU
	EndGlobalSection
	GlobalSection(ProjectConfigurationPlatforms) = postSolution
		{DD517575-F71E-41D6-8A23-DC203A03A3A1}.Debug|Any CPU.ActiveCfg = Debug|Any CPU
		{DD517575-F71E-41D6-8A23-DC203A03A3A1}.Debug|Any CPU.Build.0 = Debug|Any CPU
		{DD517575-F71E-41D6-8A23-DC203A03A3A1}.Release|Any CPU.ActiveCfg = Release|Any CPU
		{DD517575-F71E-41D6-8A23-DC203A03A3A1}.Release|Any CPU.Build.0 = Release|Any CPU
		{3870CE7A-D5CB-4AB8-B4AE-CE5B2823B563}.Debug|Any CPU.ActiveCfg = Debug|Any CPU
		{3870CE7A-D5CB-4AB8-B4AE-CE5B2823B563}.Debug|Any CPU.Build.0 = Debug|Any CPU
		{3870CE7A-D5CB-4AB8-B4AE-CE5B2823B563}.Release|Any CPU.ActiveCfg = Release|Any CPU
		{3870CE7A-D5CB-4AB8-B4AE-CE5B2823B563}.Release|Any CPU.Build.0 = Release|Any CPU
	EndGlobalSection
	GlobalSection(SolutionProperties) = preSolution
		HideSolutionNode = FALSE
	EndGlobalSection
	GlobalSection(ExtensibilityGlobals) = postSolution
		SolutionGuid = {34F8A8A3-0A04-41D3-9C51-AB80B823850C}
	EndGlobalSection
EndGlobal
